
Microsoft Visual Studio Solution File, Format Version 12.00
# Visual Studio Version 17
VisualStudioVersion = 17.4.33213.308
MinimumVisualStudioVersion = 10.0.40219.1
Project("{FAE04EC0-301F-11D3-BF4B-00C04F79EFBC}") = "Aplicacion.Web", "Aplicacion.Web.csproj", "{90CDF12E-01B7-4306-B0B8-E83139EA081F}"
EndProject
Global
	GlobalSection(SolutionConfigurationPlatforms) = preSolution
		Debug|Any CPU = Debug|Any CPU
		Release|Any CPU = Release|Any CPU
	EndGlobalSection
	GlobalSection(ProjectConfigurationPlatforms) = postSolution
		{90CDF12E-01B7-4306-B0B8-E83139EA081F}.Debug|Any CPU.ActiveCfg = Debug|Any CPU
		{90CDF12E-01B7-4306-B0B8-E83139EA081F}.Debug|Any CPU.Build.0 = Debug|Any CPU
		{90CDF12E-01B7-4306-B0B8-E83139EA081F}.Release|Any CPU.ActiveCfg = Release|Any CPU
		{90CDF12E-01B7-4306-B0B8-E83139EA081F}.Release|Any CPU.Build.0 = Release|Any CPU
	EndGlobalSection
	GlobalSection(SolutionProperties) = preSolution
		HideSolutionNode = FALSE
	EndGlobalSection
	GlobalSection(ExtensibilityGlobals) = postSolution
		SolutionGuid = {EAF52920-658A-46F9-84C7-FFB6207AFC92}
	EndGlobalSection
EndGlobal
