
Microsoft Visual Studio Solution File, Format Version 12.00
# Visual Studio Version 17
VisualStudioVersion = 17.14.36623.8 d17.14
MinimumVisualStudioVersion = 10.0.40219.1
Project("{FAE04EC0-301F-11D3-BF4B-00C04F79EFBC}") = "Aplicacion.Web", "Aplicacion.Web.csproj", "{2C1F8014-B981-4B8A-A716-AA5D7F401EDE}"
EndProject
Global
	GlobalSection(SolutionConfigurationPlatforms) = preSolution
		Debug|Any CPU = Debug|Any CPU
		Release|Any CPU = Release|Any CPU
	EndGlobalSection
	GlobalSection(ProjectConfigurationPlatforms) = postSolution
		{2C1F8014-B981-4B8A-A716-AA5D7F401EDE}.Debug|Any CPU.ActiveCfg = Debug|Any CPU
		{2C1F8014-B981-4B8A-A716-AA5D7F401EDE}.Debug|Any CPU.Build.0 = Debug|Any CPU
		{2C1F8014-B981-4B8A-A716-AA5D7F401EDE}.Release|Any CPU.ActiveCfg = Release|Any CPU
		{2C1F8014-B981-4B8A-A716-AA5D7F401EDE}.Release|Any CPU.Build.0 = Release|Any CPU
	EndGlobalSection
	GlobalSection(SolutionProperties) = preSolution
		HideSolutionNode = FALSE
	EndGlobalSection
	GlobalSection(ExtensibilityGlobals) = postSolution
		SolutionGuid = {0D087F50-93B1-4408-8AD5-3729B2B5ECCD}
	EndGlobalSection
EndGlobal
